// !$*UTF8*$!
{
	archiveVersion = 1;
	classes = {
	};
	objectVersion = 46;
	objects = {

/* Begin PBXBuildFile section */
		7709EF561B851A6900980977 /* Main.storyboard in Resources */ = {isa = PBXBuildFile; fileRef = 7709EF541B851A6900980977 /* Main.storyboard */; };
		7709EF581B851A6900980977 /* Images.xcassets in Resources */ = {isa = PBXBuildFile; fileRef = 7709EF571B851A6900980977 /* Images.xcassets */; };
		7709EF5B1B851A6900980977 /* LaunchScreen.xib in Resources */ = {isa = PBXBuildFile; fileRef = 7709EF591B851A6900980977 /* LaunchScreen.xib */; };
		7709EF671B851A6900980977 /* messenger_wireframeTests.swift in Sources */ = {isa = PBXBuildFile; fileRef = 7709EF661B851A6900980977 /* messenger_wireframeTests.swift */; };
		7709EF731B851B2200980977 /* KeyboardInputView.swift in Sources */ = {isa = PBXBuildFile; fileRef = 7709EF701B851B2200980977 /* KeyboardInputView.swift */; };
		7709EF741B851B2200980977 /* MessageUIView.swift in Sources */ = {isa = PBXBuildFile; fileRef = 7709EF711B851B2200980977 /* MessageUIView.swift */; };
		7709EF751B851B2200980977 /* TextInputViewController.swift in Sources */ = {isa = PBXBuildFile; fileRef = 7709EF721B851B2200980977 /* TextInputViewController.swift */; };
		7709EF791B851B8800980977 /* AppDelegate.swift in Sources */ = {isa = PBXBuildFile; fileRef = 7709EF781B851B8800980977 /* AppDelegate.swift */; };
		7709EF7B1B851BB500980977 /* ConvoTableViewCell.swift in Sources */ = {isa = PBXBuildFile; fileRef = 7709EF7A1B851BB500980977 /* ConvoTableViewCell.swift */; };
/* End PBXBuildFile section */

/* Begin PBXContainerItemProxy section */
		7709EF611B851A6900980977 /* PBXContainerItemProxy */ = {
			isa = PBXContainerItemProxy;
			containerPortal = 7709EF431B851A6900980977 /* Project object */;
			proxyType = 1;
			remoteGlobalIDString = 7709EF4A1B851A6900980977;
			remoteInfo = messenger_wireframe;
		};
/* End PBXContainerItemProxy section */

/* Begin PBXFileReference section */
		7709EF4B1B851A6900980977 /* messenger_wireframe.app */ = {isa = PBXFileReference; explicitFileType = wrapper.application; includeInIndex = 0; path = messenger_wireframe.app; sourceTree = BUILT_PRODUCTS_DIR; };
		7709EF4F1B851A6900980977 /* Info.plist */ = {isa = PBXFileReference; lastKnownFileType = text.plist.xml; path = Info.plist; sourceTree = "<group>"; };
		7709EF551B851A6900980977 /* Base */ = {isa = PBXFileReference; lastKnownFileType = file.storyboard; name = Base; path = Base.lproj/Main.storyboard; sourceTree = "<group>"; };
		7709EF571B851A6900980977 /* Images.xcassets */ = {isa = PBXFileReference; lastKnownFileType = folder.assetcatalog; path = Images.xcassets; sourceTree = "<group>"; };
		7709EF5A1B851A6900980977 /* Base */ = {isa = PBXFileReference; lastKnownFileType = file.xib; name = Base; path = Base.lproj/LaunchScreen.xib; sourceTree = "<group>"; };
		7709EF601B851A6900980977 /* messenger_wireframeTests.xctest */ = {isa = PBXFileReference; explicitFileType = wrapper.cfbundle; includeInIndex = 0; path = messenger_wireframeTests.xctest; sourceTree = BUILT_PRODUCTS_DIR; };
		7709EF651B851A6900980977 /* Info.plist */ = {isa = PBXFileReference; lastKnownFileType = text.plist.xml; path = Info.plist; sourceTree = "<group>"; };
		7709EF661B851A6900980977 /* messenger_wireframeTests.swift */ = {isa = PBXFileReference; lastKnownFileType = sourcecode.swift; path = messenger_wireframeTests.swift; sourceTree = "<group>"; };
		7709EF701B851B2200980977 /* KeyboardInputView.swift */ = {isa = PBXFileReference; fileEncoding = 4; lastKnownFileType = sourcecode.swift; path = KeyboardInputView.swift; sourceTree = "<group>"; };
		7709EF711B851B2200980977 /* MessageUIView.swift */ = {isa = PBXFileReference; fileEncoding = 4; lastKnownFileType = sourcecode.swift; path = MessageUIView.swift; sourceTree = "<group>"; };
		7709EF721B851B2200980977 /* TextInputViewController.swift */ = {isa = PBXFileReference; fileEncoding = 4; lastKnownFileType = sourcecode.swift; path = TextInputViewController.swift; sourceTree = "<group>"; };
		7709EF781B851B8800980977 /* AppDelegate.swift */ = {isa = PBXFileReference; fileEncoding = 4; lastKnownFileType = sourcecode.swift; path = AppDelegate.swift; sourceTree = "<group>"; };
		7709EF7A1B851BB500980977 /* ConvoTableViewCell.swift */ = {isa = PBXFileReference; fileEncoding = 4; lastKnownFileType = sourcecode.swift; path = ConvoTableViewCell.swift; sourceTree = "<group>"; };
/* End PBXFileReference section */

/* Begin PBXFrameworksBuildPhase section */
		7709EF481B851A6900980977 /* Frameworks */ = {
			isa = PBXFrameworksBuildPhase;
			buildActionMask = 2147483647;
			files = (
			);
			runOnlyForDeploymentPostprocessing = 0;
		};
		7709EF5D1B851A6900980977 /* Frameworks */ = {
			isa = PBXFrameworksBuildPhase;
			buildActionMask = 2147483647;
			files = (
			);
			runOnlyForDeploymentPostprocessing = 0;
		};
/* End PBXFrameworksBuildPhase section */

/* Begin PBXGroup section */
		7709EF421B851A6900980977 = {
			isa = PBXGroup;
			children = (
				7709EF4D1B851A6900980977 /* messenger_wireframe */,
				7709EF631B851A6900980977 /* messenger_wireframeTests */,
				7709EF4C1B851A6900980977 /* Products */,
			);
			sourceTree = "<group>";
		};
		7709EF4C1B851A6900980977 /* Products */ = {
			isa = PBXGroup;
			children = (
				7709EF4B1B851A6900980977 /* messenger_wireframe.app */,
				7709EF601B851A6900980977 /* messenger_wireframeTests.xctest */,
			);
			name = Products;
			sourceTree = "<group>";
		};
		7709EF4D1B851A6900980977 /* messenger_wireframe */ = {
			isa = PBXGroup;
			children = (
				7709EF7A1B851BB500980977 /* ConvoTableViewCell.swift */,
				7709EF781B851B8800980977 /* AppDelegate.swift */,
				7709EF701B851B2200980977 /* KeyboardInputView.swift */,
				7709EF711B851B2200980977 /* MessageUIView.swift */,
				7709EF721B851B2200980977 /* TextInputViewController.swift */,
				7709EF541B851A6900980977 /* Main.storyboard */,
				7709EF571B851A6900980977 /* Images.xcassets */,
				7709EF591B851A6900980977 /* LaunchScreen.xib */,
				7709EF4E1B851A6900980977 /* Supporting Files */,
			);
			path = messenger_wireframe;
			sourceTree = "<group>";
		};
		7709EF4E1B851A6900980977 /* Supporting Files */ = {
			isa = PBXGroup;
			children = (
				7709EF4F1B851A6900980977 /* Info.plist */,
			);
			name = "Supporting Files";
			sourceTree = "<group>";
		};
		7709EF631B851A6900980977 /* messenger_wireframeTests */ = {
			isa = PBXGroup;
			children = (
				7709EF661B851A6900980977 /* messenger_wireframeTests.swift */,
				7709EF641B851A6900980977 /* Supporting Files */,
			);
			path = messenger_wireframeTests;
			sourceTree = "<group>";
		};
		7709EF641B851A6900980977 /* Supporting Files */ = {
			isa = PBXGroup;
			children = (
				7709EF651B851A6900980977 /* Info.plist */,
			);
			name = "Supporting Files";
			sourceTree = "<group>";
		};
/* End PBXGroup section */

/* Begin PBXNativeTarget section */
		7709EF4A1B851A6900980977 /* messenger_wireframe */ = {
			isa = PBXNativeTarget;
			buildConfigurationList = 7709EF6A1B851A6900980977 /* Build configuration list for PBXNativeTarget "messenger_wireframe" */;
			buildPhases = (
				7709EF471B851A6900980977 /* Sources */,
				7709EF481B851A6900980977 /* Frameworks */,
				7709EF491B851A6900980977 /* Resources */,
			);
			buildRules = (
			);
			dependencies = (
			);
			name = messenger_wireframe;
			productName = messenger_wireframe;
			productReference = 7709EF4B1B851A6900980977 /* messenger_wireframe.app */;
			productType = "com.apple.product-type.application";
		};
		7709EF5F1B851A6900980977 /* messenger_wireframeTests */ = {
			isa = PBXNativeTarget;
			buildConfigurationList = 7709EF6D1B851A6900980977 /* Build configuration list for PBXNativeTarget "messenger_wireframeTests" */;
			buildPhases = (
				7709EF5C1B851A6900980977 /* Sources */,
				7709EF5D1B851A6900980977 /* Frameworks */,
				7709EF5E1B851A6900980977 /* Resources */,
			);
			buildRules = (
			);
			dependencies = (
				7709EF621B851A6900980977 /* PBXTargetDependency */,
			);
			name = messenger_wireframeTests;
			productName = messenger_wireframeTests;
			productReference = 7709EF601B851A6900980977 /* messenger_wireframeTests.xctest */;
			productType = "com.apple.product-type.bundle.unit-test";
		};
/* End PBXNativeTarget section */

/* Begin PBXProject section */
		7709EF431B851A6900980977 /* Project object */ = {
			isa = PBXProject;
			attributes = {
				LastUpgradeCheck = 0640;
				ORGANIZATIONNAME = "Jacob Melvin";
				TargetAttributes = {
					7709EF4A1B851A6900980977 = {
						CreatedOnToolsVersion = 6.4;
					};
					7709EF5F1B851A6900980977 = {
						CreatedOnToolsVersion = 6.4;
						TestTargetID = 7709EF4A1B851A6900980977;
					};
				};
			};
			buildConfigurationList = 7709EF461B851A6900980977 /* Build configuration list for PBXProject "messenger_wireframe" */;
			compatibilityVersion = "Xcode 3.2";
			developmentRegion = English;
			hasScannedForEncodings = 0;
			knownRegions = (
				en,
				Base,
			);
			mainGroup = 7709EF421B851A6900980977;
			productRefGroup = 7709EF4C1B851A6900980977 /* Products */;
			projectDirPath = "";
			projectRoot = "";
			targets = (
				7709EF4A1B851A6900980977 /* messenger_wireframe */,
				7709EF5F1B851A6900980977 /* messenger_wireframeTests */,
			);
		};
/* End PBXProject section */

/* Begin PBXResourcesBuildPhase section */
		7709EF491B851A6900980977 /* Resources */ = {
			isa = PBXResourcesBuildPhase;
			buildActionMask = 2147483647;
			files = (
				7709EF561B851A6900980977 /* Main.storyboard in Resources */,
				7709EF5B1B851A6900980977 /* LaunchScreen.xib in Resources */,
				7709EF581B851A6900980977 /* Images.xcassets in Resources */,
			);
			runOnlyForDeploymentPostprocessing = 0;
		};
		7709EF5E1B851A6900980977 /* Resources */ = {
			isa = PBXResourcesBuildPhase;
			buildActionMask = 2147483647;
			files = (
			);
			runOnlyForDeploymentPostprocessing = 0;
		};
/* End PBXResourcesBuildPhase section */

/* Begin PBXSourcesBuildPhase section */
		7709EF471B851A6900980977 /* Sources */ = {
			isa = PBXSourcesBuildPhase;
			buildActionMask = 2147483647;
			files = (
				7709EF791B851B8800980977 /* AppDelegate.swift in Sources */,
				7709EF7B1B851BB500980977 /* ConvoTableViewCell.swift in Sources */,
				7709EF751B851B2200980977 /* TextInputViewController.swift in Sources */,
				7709EF741B851B2200980977 /* MessageUIView.swift in Sources */,
				7709EF731B851B2200980977 /* KeyboardInputView.swift in Sources */,
			);
			runOnlyForDeploymentPostprocessing = 0;
		};
		7709EF5C1B851A6900980977 /* Sources */ = {
			isa = PBXSourcesBuildPhase;
			buildActionMask = 2147483647;
			files = (
				7709EF671B851A6900980977 /* messenger_wireframeTests.swift in Sources */,
			);
			runOnlyForDeploymentPostprocessing = 0;
		};
/* End PBXSourcesBuildPhase section */

/* Begin PBXTargetDependency section */
		7709EF621B851A6900980977 /* PBXTargetDependency */ = {
			isa = PBXTargetDependency;
			target = 7709EF4A1B851A6900980977 /* messenger_wireframe */;
			targetProxy = 7709EF611B851A6900980977 /* PBXContainerItemProxy */;
		};
/* End PBXTargetDependency section */

/* Begin PBXVariantGroup section */
		7709EF541B851A6900980977 /* Main.storyboard */ = {
			isa = PBXVariantGroup;
			children = (
				7709EF551B851A6900980977 /* Base */,
			);
			name = Main.storyboard;
			sourceTree = "<group>";
		};
		7709EF591B851A6900980977 /* LaunchScreen.xib */ = {
			isa = PBXVariantGroup;
			children = (
				7709EF5A1B851A6900980977 /* Base */,
			);
			name = LaunchScreen.xib;
			sourceTree = "<group>";
		};
/* End PBXVariantGroup section */

/* Begin XCBuildConfiguration section */
		7709EF681B851A6900980977 /* Debug */ = {
			isa = XCBuildConfiguration;
			buildSettings = {
				ALWAYS_SEARCH_USER_PATHS = NO;
				CLANG_CXX_LANGUAGE_STANDARD = "gnu++0x";
				CLANG_CXX_LIBRARY = "libc++";
				CLANG_ENABLE_MODULES = YES;
				CLANG_ENABLE_OBJC_ARC = YES;
				CLANG_WARN_BOOL_CONVERSION = YES;
				CLANG_WARN_CONSTANT_CONVERSION = YES;
				CLANG_WARN_DIRECT_OBJC_ISA_USAGE = YES_ERROR;
				CLANG_WARN_EMPTY_BODY = YES;
				CLANG_WARN_ENUM_CONVERSION = YES;
				CLANG_WARN_INT_CONVERSION = YES;
				CLANG_WARN_OBJC_ROOT_CLASS = YES_ERROR;
				CLANG_WARN_UNREACHABLE_CODE = YES;
				CLANG_WARN__DUPLICATE_METHOD_MATCH = YES;
				"CODE_SIGN_IDENTITY[sdk=iphoneos*]" = "iPhone Developer";
				COPY_PHASE_STRIP = NO;
				DEBUG_INFORMATION_FORMAT = "dwarf-with-dsym";
				ENABLE_STRICT_OBJC_MSGSEND = YES;
				GCC_C_LANGUAGE_STANDARD = gnu99;
				GCC_DYNAMIC_NO_PIC = NO;
				GCC_NO_COMMON_BLOCKS = YES;
				GCC_OPTIMIZATION_LEVEL = 0;
				GCC_PREPROCESSOR_DEFINITIONS = (
					"DEBUG=1",
					"$(inherited)",
				);
				GCC_SYMBOLS_PRIVATE_EXTERN = NO;
				GCC_WARN_64_TO_32_BIT_CONVERSION = YES;
				GCC_WARN_ABOUT_RETURN_TYPE = YES_ERROR;
				GCC_WARN_UNDECLARED_SELECTOR = YES;
				GCC_WARN_UNINITIALIZED_AUTOS = YES_AGGRESSIVE;
				GCC_WARN_UNUSED_FUNCTION = YES;
				GCC_WARN_UNUSED_VARIABLE = YES;
				IPHONEOS_DEPLOYMENT_TARGET = 8.4;
				MTL_ENABLE_DEBUG_INFO = YES;
				ONLY_ACTIVE_ARCH = YES;
				SDKROOT = iphoneos;
				SWIFT_OPTIMIZATION_LEVEL = "-Onone";
			};
			name = Debug;
		};
		7709EF691B851A6900980977 /* Release */ = {
			isa = XCBuildConfiguration;
			buildSettings = {
				ALWAYS_SEARCH_USER_PATHS = NO;
				CLANG_CXX_LANGUAGE_STANDARD = "gnu++0x";
				CLANG_CXX_LIBRARY = "libc++";
				CLANG_ENABLE_MODULES = YES;
				CLANG_ENABLE_OBJC_ARC = YES;
				CLANG_WARN_BOOL_CONVERSION = YES;
				CLANG_WARN_CONSTANT_CONVERSION = YES;
				CLANG_WARN_DIRECT_OBJC_ISA_USAGE = YES_ERROR;
				CLANG_WARN_EMPTY_BODY = YES;
				CLANG_WARN_ENUM_CONVERSION = YES;
				CLANG_WARN_INT_CONVERSION = YES;
				CLANG_WARN_OBJC_ROOT_CLASS = YES_ERROR;
				CLANG_WARN_UNREACHABLE_CODE = YES;
				CLANG_WARN__DUPLICATE_METHOD_MATCH = YES;
				"CODE_SIGN_IDENTITY[sdk=iphoneos*]" = "iPhone Developer";
				COPY_PHASE_STRIP = NO;
				DEBUG_INFORMATION_FORMAT = "dwarf-with-dsym";
				ENABLE_NS_ASSERTIONS = NO;
				ENABLE_STRICT_OBJC_MSGSEND = YES;
				GCC_C_LANGUAGE_STANDARD = gnu99;
				GCC_NO_COMMON_BLOCKS = YES;
				GCC_WARN_64_TO_32_BIT_CONVERSION = YES;
				GCC_WARN_ABOUT_RETURN_TYPE = YES_ERROR;
				GCC_WARN_UNDECLARED_SELECTOR = YES;
				GCC_WARN_UNINITIALIZED_AUTOS = YES_AGGRESSIVE;
				GCC_WARN_UNUSED_FUNCTION = YES;
				GCC_WARN_UNUSED_VARIABLE = YES;
				IPHONEOS_DEPLOYMENT_TARGET = 8.4;
				MTL_ENABLE_DEBUG_INFO = NO;
				SDKROOT = iphoneos;
				VALIDATE_PRODUCT = YES;
			};
			name = Release;
		};
		7709EF6B1B851A6900980977 /* Debug */ = {
			isa = XCBuildConfiguration;
			buildSettings = {
				ASSETCATALOG_COMPILER_APPICON_NAME = AppIcon;
				INFOPLIST_FILE = messenger_wireframe/Info.plist;
				LD_RUNPATH_SEARCH_PATHS = "$(inherited) @executable_path/Frameworks";
				PRODUCT_NAME = "$(TARGET_NAME)";
			};
			name = Debug;
		};
		7709EF6C1B851A6900980977 /* Release */ = {
			isa = XCBuildConfiguration;
			buildSettings = {
				ASSETCATALOG_COMPILER_APPICON_NAME = AppIcon;
				INFOPLIST_FILE = messenger_wireframe/Info.plist;
				LD_RUNPATH_SEARCH_PATHS = "$(inherited) @executable_path/Frameworks";
				PRODUCT_NAME = "$(TARGET_NAME)";
			};
			name = Release;
		};
		7709EF6E1B851A6900980977 /* Debug */ = {
			isa = XCBuildConfiguration;
			buildSettings = {
				BUNDLE_LOADER = "$(TEST_HOST)";
				FRAMEWORK_SEARCH_PATHS = (
					"$(SDKROOT)/Developer/Library/Frameworks",
					"$(inherited)",
				);
				GCC_PREPROCESSOR_DEFINITIONS = (
					"DEBUG=1",
					"$(inherited)",
				);
				INFOPLIST_FILE = messenger_wireframeTests/Info.plist;
				LD_RUNPATH_SEARCH_PATHS = "$(inherited) @executable_path/Frameworks @loader_path/Frameworks";
				PRODUCT_NAME = "$(TARGET_NAME)";
				TEST_HOST = "$(BUILT_PRODUCTS_DIR)/messenger_wireframe.app/messenger_wireframe";
			};
			name = Debug;
		};
		7709EF6F1B851A6900980977 /* Release */ = {
			isa = XCBuildConfiguration;
			buildSettings = {
				BUNDLE_LOADER = "$(TEST_HOST)";
				FRAMEWORK_SEARCH_PATHS = (
					"$(SDKROOT)/Developer/Library/Frameworks",
					"$(inherited)",
				);
				INFOPLIST_FILE = messenger_wireframeTests/Info.plist;
				LD_RUNPATH_SEARCH_PATHS = "$(inherited) @executable_path/Frameworks @loader_path/Frameworks";
				PRODUCT_NAME = "$(TARGET_NAME)";
				TEST_HOST = "$(BUILT_PRODUCTS_DIR)/messenger_wireframe.app/messenger_wireframe";
			};
			name = Release;
		};
/* End XCBuildConfiguration section */

/* Begin XCConfigurationList section */
		7709EF461B851A6900980977 /* Build configuration list for PBXProject "messenger_wireframe" */ = {
			isa = XCConfigurationList;
			buildConfigurations = (
				7709EF681B851A6900980977 /* Debug */,
				7709EF691B851A6900980977 /* Release */,
			);
			defaultConfigurationIsVisible = 0;
			defaultConfigurationName = Release;
		};
		7709EF6A1B851A6900980977 /* Build configuration list for PBXNativeTarget "messenger_wireframe" */ = {
			isa = XCConfigurationList;
			buildConfigurations = (
				7709EF6B1B851A6900980977 /* Debug */,
				7709EF6C1B851A6900980977 /* Release */,
			);
			defaultConfigurationIsVisible = 0;
			defaultConfigurationName = Release;
		};
		7709EF6D1B851A6900980977 /* Build configuration list for PBXNativeTarget "messenger_wireframeTests" */ = {
			isa = XCConfigurationList;
			buildConfigurations = (
				7709EF6E1B851A6900980977 /* Debug */,
				7709EF6F1B851A6900980977 /* Release */,
			);
			defaultConfigurationIsVisible = 0;
			defaultConfigurationName = Release;
		};
/* End XCConfigurationList section */
	};
	rootObject = 7709EF431B851A6900980977 /* Project object */;
}
